
Microsoft Visual Studio Solution File, Format Version 12.00
# Visual Studio Version 16
VisualStudioVersion = 25.0.1704.4
MinimumVisualStudioVersion = 10.0.40219.1
Project("{FAE04EC0-301F-11D3-BF4B-00C04F79EFBC}") = "Question 1b", "Question 1b\Question 1b.csproj", "{CC3B2E2B-A95C-47C7-957A-E240772B3317}"
EndProject
Global
	GlobalSection(SolutionConfigurationPlatforms) = preSolution
		Debug|Any CPU = Debug|Any CPU
		Release|Any CPU = Release|Any CPU
	EndGlobalSection
	GlobalSection(ProjectConfigurationPlatforms) = postSolution
		{CC3B2E2B-A95C-47C7-957A-E240772B3317}.Debug|Any CPU.ActiveCfg = Debug|Any CPU
		{CC3B2E2B-A95C-47C7-957A-E240772B3317}.Debug|Any CPU.Build.0 = Debug|Any CPU
		{CC3B2E2B-A95C-47C7-957A-E240772B3317}.Release|Any CPU.ActiveCfg = Release|Any CPU
		{CC3B2E2B-A95C-47C7-957A-E240772B3317}.Release|Any CPU.Build.0 = Release|Any CPU
	EndGlobalSection
	GlobalSection(SolutionProperties) = preSolution
		HideSolutionNode = FALSE
	EndGlobalSection
	GlobalSection(ExtensibilityGlobals) = postSolution
		SolutionGuid = {B5E8ECA2-A0B2-4BF0-9414-1E4B9E79384E}
	EndGlobalSection
EndGlobal
